{
  "version": 4,
  "terraform_version": "1.16.3",
  "serial": 57,
  "lineage": "c87d20e5-ae2c-b0df-ddd7-818f661b7b28",
  "outputs": {
    "public_ip_address": {
      "value": "9.205.157.161",
      "type": "string"
    },
    "ssh_command": {
      "value": "ssh -i C:/Users/Student/.ssh/azure_rsa azureuser@9.205.157.161",
      "type": "string"
    }
  },
  "resources": [
    {
      "mode": "managed",
      "type": "azurerm_linux_virtual_machine",
      "name": "vm",
      "provider": "provider[\"registry.terraform.io/hashicorp/azurerm\"]",
      "instances": [
        {
          "schema_version": 0,
          "attributes": {
            "additional_capabilities": [],
            "admin_password": null,
            "admin_ssh_key": [
              {
                "public_key": "ssh-rsa AAAAB3NzaC1yc2EAAAADAQABAAACAQDFLI3gyVBzGKxJ6q2MMHZSKMHEJbQqylaiNyJlChJKuiw8AUezT7ZBoKFL5Oga3X0F3Omm+APaG97VPvi5Y1omf9uHf0Mi1r7Lm62dgCQLYJZ/hccctjrNINMubqqlo0Qcd7Oze11bnu+dTZDxe6IcvNKOM6b2zBWHg7SkPNisXu2m3EAZ2HJYOpfji0qKVtOlr2Q2SBte8IqhRmg91htNSXYaoqoRv+gHpCIeqpNz5qdViq7Zw78CiLUTCYSCY/Rtl8M8noCTKWqflLn5faGxKirOlh64hDMPrAzTMv4zSf0S7HfVCnTcCnpsbCbWRuBs+eceDKFNm6aVfsXXwWuMyVcUVmw9SSbyMB0ZM1+qfPs4mgGTIqSs9FIb6F2n8x+jbMYAsZ7wy0NVUsr7JrdEZQUNKv/qtDlQ8wuPVHXmRQ/1TstMIZYGnVbFVYyNqzhkRc+ak6GBRUtGLpMhGZE1APF+79aPx9dg1tzu9lOm55lVV1DjCRKzkLut4ay/8HDxn5wZL6ivbVhGHtGn2s1akrDtnc/YrOmefryShayTU9ctLZfjQxUn7w82Yc/E3nkELTt5IDLu54hHvUw/XtiPhff5l5rLQ53bIHdoz9yQU/R4Dn2lh1Od3Cf+EpmtKlaDSu179e1u9XfsL1WDEp2Bq5gdj4pYIOVlavhZciSZzQ== azureuser\r\n",
                "username": "azureuser"
              }
            ],
            "admin_username": "azureuser",
            "allow_extension_operations": true,
            "availability_set_id": "",
            "boot_diagnostics": [],
            "bypass_platform_safety_checks_on_user_schedule_enabled": false,
            "capacity_reservation_group_id": "",
            "computer_name": "vm-student",
            "custom_data": null,
            "dedicated_host_group_id": "",
            "dedicated_host_id": "",
            "disable_password_authentication": true,
            "disk_controller_type": "",
            "edge_zone": "",
            "encryption_at_host_enabled": false,
            "eviction_policy": "",
            "extensions_time_budget": "PT1H30M",
            "gallery_application": [],
            "id": "/subscriptions/439918e5-f78f-4422-acc8-3cefff9e506d/resourceGroups/rg-nssa320-student/providers/Microsoft.Compute/virtualMachines/vm-student",
            "identity": [],
            "license_type": "",
            "location": "denmarkeast",
            "max_bid_price": -1,
            "name": "vm-student",
            "network_interface_ids": [
              "/subscriptions/439918e5-f78f-4422-acc8-3cefff9e506d/resourceGroups/rg-nssa320-student/providers/Microsoft.Network/networkInterfaces/nic-student"
            ],
            "os_disk": [
              {
                "caching": "ReadWrite",
                "diff_disk_settings": [],
                "disk_encryption_set_id": "",
                "disk_size_gb": 30,
                "id": "/subscriptions/439918e5-f78f-4422-acc8-3cefff9e506d/resourceGroups/rg-nssa320-student/providers/Microsoft.Compute/disks/vm-student_OsDisk_1_824b09b7351441fe92fcc4cfc10ed752",
                "name": "vm-student_OsDisk_1_824b09b7351441fe92fcc4cfc10ed752",
                "secure_vm_disk_encryption_set_id": "",
                "security_encryption_type": "",
                "storage_account_type": "Standard_LRS",
                "write_accelerator_enabled": false
              }
            ],
            "os_image_notification": [],
            "os_managed_disk_id": "/subscriptions/439918e5-f78f-4422-acc8-3cefff9e506d/resourceGroups/rg-nssa320-student/providers/Microsoft.Compute/disks/vm-student_OsDisk_1_824b09b7351441fe92fcc4cfc10ed752",
            "patch_assessment_mode": "ImageDefault",
            "patch_mode": "ImageDefault",
            "plan": [],
            "platform_fault_domain": -1,
            "priority": "Regular",
            "private_ip_address": "10.0.1.4",
            "private_ip_addresses": [
              "10.0.1.4"
            ],
            "provision_vm_agent": true,
            "proximity_placement_group_id": "",
            "public_ip_address": "9.205.157.161",
            "public_ip_addresses": [
              "9.205.157.161"
            ],
            "reboot_setting": "",
            "resource_group_name": "rg-nssa320-student",
            "secret": [],
            "secure_boot_enabled": false,
            "size": "Standard_B2ms",
            "source_image_id": "",
            "source_image_reference": [
              {
                "offer": "0001-com-ubuntu-server-jammy",
                "publisher": "Canonical",
                "sku": "22_04-lts",
                "version": "latest"
              }
            ],
            "tags": null,
            "termination_notification": null,
            "timeouts": null,
            "user_data": "",
            "virtual_machine_id": "9fb67b05-ab41-4e02-b046-936915907ec9",
            "virtual_machine_scale_set_id": "",
            "vm_agent_platform_updates_enabled": true,
            "vtpm_enabled": false,
            "zone": ""
          },
          "sensitive_attributes": [
            [
              {
                "type": "get_attr",
                "value": "admin_password"
              }
            ],
            [
              {
                "type": "get_attr",
                "value": "custom_data"
              }
            ]
          ],
          "identity_schema_version": 0,
          "private": "eyJlMmJmYjczMC1lY2FhLTExZTYtOGY4OC0zNDM2M2JjN2M0YzAiOnsiY3JlYXRlIjoyNzAwMDAwMDAwMDAwLCJkZWxldGUiOjI3MDAwMDAwMDAwMDAsInJlYWQiOjMwMDAwMDAwMDAwMCwidXBkYXRlIjoyNzAwMDAwMDAwMDAwfX0=",
          "dependencies": [
            "azurerm_network_interface.nic",
            "azurerm_public_ip.pip",
            "azurerm_resource_group.rg",
            "azurerm_subnet.subnet",
            "azurerm_virtual_network.vnet"
          ]
        }
      ]
    },
    {
      "mode": "managed",
      "type": "azurerm_network_interface",
      "name": "nic",
      "provider": "provider[\"registry.terraform.io/hashicorp/azurerm\"]",
      "instances": [
        {
          "schema_version": 0,
          "attributes": {
            "accelerated_networking_enabled": false,
            "applied_dns_servers": [],
            "auxiliary_mode": "",
            "auxiliary_sku": "",
            "dns_servers": [],
            "edge_zone": "",
            "id": "/subscriptions/439918e5-f78f-4422-acc8-3cefff9e506d/resourceGroups/rg-nssa320-student/providers/Microsoft.Network/networkInterfaces/nic-student",
            "internal_dns_name_label": "",
            "internal_domain_name_suffix": "o2yqms15wb5etedaokmsu1kt1d.cphx.internal.cloudapp.net",
            "ip_configuration": [
              {
                "gateway_load_balancer_frontend_ip_configuration_id": "",
                "name": "ipconfig",
                "primary": true,
                "private_ip_address": "10.0.1.4",
                "private_ip_address_allocation": "Dynamic",
                "private_ip_address_version": "IPv4",
                "public_ip_address_id": "/subscriptions/439918e5-f78f-4422-acc8-3cefff9e506d/resourceGroups/rg-nssa320-student/providers/Microsoft.Network/publicIPAddresses/pip-student",
                "subnet_id": "/subscriptions/439918e5-f78f-4422-acc8-3cefff9e506d/resourceGroups/rg-nssa320-student/providers/Microsoft.Network/virtualNetworks/vnet-student/subnets/subnet1"
              }
            ],
            "ip_forwarding_enabled": false,
            "location": "denmarkeast",
            "mac_address": "7C-ED-8D-6A-7E-8A",
            "name": "nic-student",
            "private_ip_address": "10.0.1.4",
            "private_ip_addresses": [
              "10.0.1.4"
            ],
            "resource_group_name": "rg-nssa320-student",
            "tags": {},
            "timeouts": null,
            "virtual_machine_id": "/subscriptions/439918e5-f78f-4422-acc8-3cefff9e506d/resourceGroups/rg-nssa320-student/providers/Microsoft.Compute/virtualMachines/vm-student"
          },
          "sensitive_attributes": [],
          "identity_schema_version": 0,
          "identity": {
            "name": "nic-student",
            "resource_group_name": "rg-nssa320-student",
            "subscription_id": "439918e5-f78f-4422-acc8-3cefff9e506d"
          },
          "private": "eyJlMmJmYjczMC1lY2FhLTExZTYtOGY4OC0zNDM2M2JjN2M0YzAiOnsiY3JlYXRlIjoxODAwMDAwMDAwMDAwLCJkZWxldGUiOjE4MDAwMDAwMDAwMDAsInJlYWQiOjMwMDAwMDAwMDAwMCwidXBkYXRlIjoxODAwMDAwMDAwMDAwfX0=",
          "dependencies": [
            "azurerm_public_ip.pip",
            "azurerm_resource_group.rg",
            "azurerm_subnet.subnet",
            "azurerm_virtual_network.vnet"
          ]
        }
      ]
    },
    {
      "mode": "managed",
      "type": "azurerm_network_security_group",
      "name": "nsg",
      "provider": "provider[\"registry.terraform.io/hashicorp/azurerm\"]",
      "instances": [
        {
          "schema_version": 0,
          "attributes": {
            "id": "/subscriptions/439918e5-f78f-4422-acc8-3cefff9e506d/resourceGroups/rg-nssa320-student/providers/Microsoft.Network/networkSecurityGroups/nsg-ssh",
            "location": "denmarkeast",
            "name": "nsg-ssh",
            "resource_group_name": "rg-nssa320-student",
            "security_rule": [
              {
                "access": "Allow",
                "description": "",
                "destination_address_prefix": "*",
                "destination_address_prefixes": [],
                "destination_application_security_group_ids": [],
                "destination_port_range": "22",
                "destination_port_ranges": [],
                "direction": "Inbound",
                "name": "SSH",
                "priority": 1001,
                "protocol": "Tcp",
                "source_address_prefix": "*",
                "source_address_prefixes": [],
                "source_application_security_group_ids": [],
                "source_port_range": "*",
                "source_port_ranges": []
              },
              {
                "access": "Allow",
                "description": null,
                "destination_address_prefix": "*",
                "destination_address_prefixes": [],
                "destination_application_security_group_ids": [],
                "destination_port_range": "80",
                "destination_port_ranges": [],
                "direction": "Inbound",
                "name": "HTTP",
                "priority": 1002,
                "protocol": "Tcp",
                "source_address_prefix": "*",
                "source_address_prefixes": [],
                "source_application_security_group_ids": [],
                "source_port_range": "*",
                "source_port_ranges": []
              }
            ],
            "tags": {},
            "timeouts": null
          },
          "sensitive_attributes": [],
          "identity_schema_version": 0,
          "identity": {
            "name": "nsg-ssh",
            "resource_group_name": "rg-nssa320-student",
            "subscription_id": "439918e5-f78f-4422-acc8-3cefff9e506d"
          },
          "private": "eyJlMmJmYjczMC1lY2FhLTExZTYtOGY4OC0zNDM2M2JjN2M0YzAiOnsiY3JlYXRlIjoxODAwMDAwMDAwMDAwLCJkZWxldGUiOjE4MDAwMDAwMDAwMDAsInJlYWQiOjMwMDAwMDAwMDAwMCwidXBkYXRlIjoxODAwMDAwMDAwMDAwfX0=",
          "dependencies": [
            "azurerm_resource_group.rg"
          ]
        }
      ]
    },
    {
      "mode": "managed",
      "type": "azurerm_public_ip",
      "name": "pip",
      "provider": "provider[\"registry.terraform.io/hashicorp/azurerm\"]",
      "instances": [
        {
          "schema_version": 0,
          "attributes": {
            "allocation_method": "Static",
            "ddos_protection_mode": "VirtualNetworkInherited",
            "ddos_protection_plan_id": null,
            "domain_name_label": "",
            "domain_name_label_scope": "",
            "edge_zone": "",
            "fqdn": "",
            "id": "/subscriptions/439918e5-f78f-4422-acc8-3cefff9e506d/resourceGroups/rg-nssa320-student/providers/Microsoft.Network/publicIPAddresses/pip-student",
            "idle_timeout_in_minutes": 4,
            "ip_address": "9.205.157.161",
            "ip_tags": {},
            "ip_version": "IPv4",
            "location": "denmarkeast",
            "name": "pip-student",
            "public_ip_prefix_id": null,
            "resource_group_name": "rg-nssa320-student",
            "reverse_fqdn": "",
            "sku": "Standard",
            "sku_tier": "Regional",
            "tags": {},
            "timeouts": null,
            "zones": []
          },
          "sensitive_attributes": [],
          "identity_schema_version": 0,
          "identity": {
            "name": "pip-student",
            "resource_group_name": "rg-nssa320-student",
            "subscription_id": "439918e5-f78f-4422-acc8-3cefff9e506d"
          },
          "private": "eyJlMmJmYjczMC1lY2FhLTExZTYtOGY4OC0zNDM2M2JjN2M0YzAiOnsiY3JlYXRlIjoxODAwMDAwMDAwMDAwLCJkZWxldGUiOjE4MDAwMDAwMDAwMDAsInJlYWQiOjMwMDAwMDAwMDAwMCwidXBkYXRlIjoxODAwMDAwMDAwMDAwfX0=",
          "dependencies": [
            "azurerm_resource_group.rg"
          ]
        }
      ]
    },
    {
      "mode": "managed",
      "type": "azurerm_resource_group",
      "name": "rg",
      "provider": "provider[\"registry.terraform.io/hashicorp/azurerm\"]",
      "instances": [
        {
          "schema_version": 0,
          "attributes": {
            "id": "/subscriptions/439918e5-f78f-4422-acc8-3cefff9e506d/resourceGroups/rg-nssa320-student",
            "location": "denmarkeast",
            "managed_by": "",
            "name": "rg-nssa320-student",
            "tags": {},
            "timeouts": null
          },
          "sensitive_attributes": [],
          "identity_schema_version": 0,
          "identity": {
            "name": "rg-nssa320-student",
            "subscription_id": "439918e5-f78f-4422-acc8-3cefff9e506d"
          },
          "private": "eyJlMmJmYjczMC1lY2FhLTExZTYtOGY4OC0zNDM2M2JjN2M0YzAiOnsiY3JlYXRlIjo1NDAwMDAwMDAwMDAwLCJkZWxldGUiOjU0MDAwMDAwMDAwMDAsInJlYWQiOjMwMDAwMDAwMDAwMCwidXBkYXRlIjo1NDAwMDAwMDAwMDAwfX0="
        }
      ]
    },
    {
      "mode": "managed",
      "type": "azurerm_subnet",
      "name": "subnet",
      "provider": "provider[\"registry.terraform.io/hashicorp/azurerm\"]",
      "instances": [
        {
          "schema_version": 0,
          "attributes": {
            "address_prefixes": [
              "10.0.1.0/24"
            ],
            "default_outbound_access_enabled": true,
            "delegation": [],
            "id": "/subscriptions/439918e5-f78f-4422-acc8-3cefff9e506d/resourceGroups/rg-nssa320-student/providers/Microsoft.Network/virtualNetworks/vnet-student/subnets/subnet1",
            "ip_address_pool": [],
            "name": "subnet1",
            "private_endpoint_network_policies": "Disabled",
            "private_link_service_network_policies_enabled": true,
            "resource_group_name": "rg-nssa320-student",
            "service_endpoint_policy_ids": [],
            "service_endpoints": [],
            "sharing_scope": "",
            "timeouts": null,
            "virtual_network_name": "vnet-student"
          },
          "sensitive_attributes": [],
          "identity_schema_version": 0,
          "identity": {
            "name": "subnet1",
            "resource_group_name": "rg-nssa320-student",
            "subscription_id": "439918e5-f78f-4422-acc8-3cefff9e506d",
            "virtual_network_name": "vnet-student"
          },
          "private": "eyJlMmJmYjczMC1lY2FhLTExZTYtOGY4OC0zNDM2M2JjN2M0YzAiOnsiY3JlYXRlIjoxODAwMDAwMDAwMDAwLCJkZWxldGUiOjE4MDAwMDAwMDAwMDAsInJlYWQiOjMwMDAwMDAwMDAwMCwidXBkYXRlIjoxODAwMDAwMDAwMDAwfX0=",
          "dependencies": [
            "azurerm_resource_group.rg",
            "azurerm_virtual_network.vnet"
          ]
        }
      ]
    },
    {
      "mode": "managed",
      "type": "azurerm_subnet_network_security_group_association",
      "name": "nsg_assoc",
      "provider": "provider[\"registry.terraform.io/hashicorp/azurerm\"]",
      "instances": [
        {
          "schema_version": 0,
          "attributes": {
            "id": "/subscriptions/439918e5-f78f-4422-acc8-3cefff9e506d/resourceGroups/rg-nssa320-student/providers/Microsoft.Network/virtualNetworks/vnet-student/subnets/subnet1",
            "network_security_group_id": "/subscriptions/439918e5-f78f-4422-acc8-3cefff9e506d/resourceGroups/rg-nssa320-student/providers/Microsoft.Network/networkSecurityGroups/nsg-ssh",
            "subnet_id": "/subscriptions/439918e5-f78f-4422-acc8-3cefff9e506d/resourceGroups/rg-nssa320-student/providers/Microsoft.Network/virtualNetworks/vnet-student/subnets/subnet1",
            "timeouts": null
          },
          "sensitive_attributes": [],
          "identity_schema_version": 0,
          "private": "eyJlMmJmYjczMC1lY2FhLTExZTYtOGY4OC0zNDM2M2JjN2M0YzAiOnsiY3JlYXRlIjoxODAwMDAwMDAwMDAwLCJkZWxldGUiOjE4MDAwMDAwMDAwMDAsInJlYWQiOjMwMDAwMDAwMDAwMH19",
          "dependencies": [
            "azurerm_network_security_group.nsg",
            "azurerm_resource_group.rg",
            "azurerm_subnet.subnet",
            "azurerm_virtual_network.vnet"
          ]
        }
      ]
    },
    {
      "mode": "managed",
      "type": "azurerm_virtual_network",
      "name": "vnet",
      "provider": "provider[\"registry.terraform.io/hashicorp/azurerm\"]",
      "instances": [
        {
          "schema_version": 0,
          "attributes": {
            "address_space": [
              "10.0.0.0/16"
            ],
            "bgp_community": "",
            "ddos_protection_plan": [],
            "dns_servers": [],
            "edge_zone": "",
            "encryption": [],
            "flow_timeout_in_minutes": 0,
            "guid": "4b063177-b07f-497e-9060-72992a6d53db",
            "id": "/subscriptions/439918e5-f78f-4422-acc8-3cefff9e506d/resourceGroups/rg-nssa320-student/providers/Microsoft.Network/virtualNetworks/vnet-student",
            "ip_address_pool": [],
            "location": "denmarkeast",
            "name": "vnet-student",
            "private_endpoint_vnet_policies": "Disabled",
            "resource_group_name": "rg-nssa320-student",
            "subnet": [
              {
                "address_prefixes": [
                  "10.0.1.0/24"
                ],
                "default_outbound_access_enabled": true,
                "delegation": [],
                "id": "/subscriptions/439918e5-f78f-4422-acc8-3cefff9e506d/resourceGroups/rg-nssa320-student/providers/Microsoft.Network/virtualNetworks/vnet-student/subnets/subnet1",
                "name": "subnet1",
                "private_endpoint_network_policies": "Disabled",
                "private_link_service_network_policies_enabled": true,
                "route_table_id": "",
                "security_group": "/subscriptions/439918e5-f78f-4422-acc8-3cefff9e506d/resourceGroups/rg-nssa320-student/providers/Microsoft.Network/networkSecurityGroups/nsg-ssh",
                "service_endpoint_policy_ids": [],
                "service_endpoints": []
              }
            ],
            "tags": {},
            "timeouts": null
          },
          "sensitive_attributes": [],
          "identity_schema_version": 0,
          "identity": {
            "name": "vnet-student",
            "resource_group_name": "rg-nssa320-student",
            "subscription_id": "439918e5-f78f-4422-acc8-3cefff9e506d"
          },
          "private": "eyJlMmJmYjczMC1lY2FhLTExZTYtOGY4OC0zNDM2M2JjN2M0YzAiOnsiY3JlYXRlIjoxODAwMDAwMDAwMDAwLCJkZWxldGUiOjE4MDAwMDAwMDAwMDAsInJlYWQiOjMwMDAwMDAwMDAwMCwidXBkYXRlIjoxODAwMDAwMDAwMDAwfX0=",
          "dependencies": [
            "azurerm_resource_group.rg"
          ]
        }
      ]
    }
  ],
  "check_results": null
}
